
Microsoft Visual Studio Solution File, Format Version 12.00
# Visual Studio Version 17
VisualStudioVersion = 17.5.33530.505
MinimumVisualStudioVersion = 10.0.40219.1
Project("{9A19103F-16F7-4668-BE54-9A1E7A4F7556}") = "Const", "MicrosoftBootcampLesson2\Const.csproj", "{D52AD9D3-4A83-467D-8E18-09A0D7B1B8EA}"
EndProject
Project("{9A19103F-16F7-4668-BE54-9A1E7A4F7556}") = "Casting", "Casting\Casting.csproj", "{127B1B8B-E39F-4122-8A3A-E7F390B543B8}"
EndProject
Project("{9A19103F-16F7-4668-BE54-9A1E7A4F7556}") = "Math", "Math\Math.csproj", "{9C1C8A36-2828-4115-906D-5A9B3B468099}"
EndProject
Project("{9A19103F-16F7-4668-BE54-9A1E7A4F7556}") = "PowSqrt", "PowSqrt\PowSqrt.csproj", "{C9B6B77D-6591-4F0D-90E0-1675F19329E0}"
EndProject
Project("{9A19103F-16F7-4668-BE54-9A1E7A4F7556}") = "Comparison", "Comparison\Comparison.csproj", "{30AE49A6-F6CE-4D67-8BCA-CAC3F62CF98E}"
EndProject
Project("{9A19103F-16F7-4668-BE54-9A1E7A4F7556}") = "IncrementDecrement", "IncrementDecrement\IncrementDecrement.csproj", "{99347E67-CC2C-4300-B0C0-5B216D3862D3}"
EndProject
Project("{9A19103F-16F7-4668-BE54-9A1E7A4F7556}") = "LocalVariable", "LocalVariable\LocalVariable.csproj", "{8DB788B5-FB0F-4282-A4D8-4BFD8790AE14}"
EndProject
Project("{9A19103F-16F7-4668-BE54-9A1E7A4F7556}") = "At", "At\At.csproj", "{47F8FF8D-B974-4041-B9F3-67BFB20B0E09}"
EndProject
Project("{9A19103F-16F7-4668-BE54-9A1E7A4F7556}") = "SizeOf", "SizeOf\SizeOf.csproj", "{B87DFDDE-7077-48B2-84BA-E56576D34882}"
EndProject
Project("{9A19103F-16F7-4668-BE54-9A1E7A4F7556}") = "StackHeap", "StackHeap\StackHeap.csproj", "{4A39F849-C52A-4027-86DB-954508CB1B38}"
EndProject
Project("{9A19103F-16F7-4668-BE54-9A1E7A4F7556}") = "StringStringBulder", "StringStringBulder\StringStringBulder.csproj", "{601490B4-EA75-49ED-9488-E42B2A85714A}"
EndProject
Project("{FAE04EC0-301F-11D3-BF4B-00C04F79EFBC}") = "Array", "Array\Array.csproj", "{9FFD5AB6-1D54-4578-B528-FB69A6AF9317}"
EndProject
Project("{FAE04EC0-301F-11D3-BF4B-00C04F79EFBC}") = "Loop", "Loop\Loop.csproj", "{453DA008-B51D-483E-9A4B-F1FF0A752F7A}"
EndProject
Project("{FAE04EC0-301F-11D3-BF4B-00C04F79EFBC}") = "While", "While\While.csproj", "{6A1A7905-D2B4-4B98-B383-490657252D9C}"
EndProject
Project("{FAE04EC0-301F-11D3-BF4B-00C04F79EFBC}") = "BreakContinue", "BreakContinue\BreakContinue.csproj", "{A5167C83-5C15-4C39-9936-63312553247C}"
EndProject
Project("{FAE04EC0-301F-11D3-BF4B-00C04F79EFBC}") = "DoWhile", "DoWhile\DoWhile.csproj", "{0830A9F5-DC35-4AA6-AEA2-0DDD73DFB49C}"
EndProject
Project("{FAE04EC0-301F-11D3-BF4B-00C04F79EFBC}") = "For", "For\For.csproj", "{568A3C68-0D20-4392-A103-AFB0290D029A}"
EndProject
Project("{FAE04EC0-301F-11D3-BF4B-00C04F79EFBC}") = "01Array", "01Array\01Array.csproj", "{B25503EC-52D4-4317-98DA-D34B4FAAE7D8}"
EndProject
Project("{FAE04EC0-301F-11D3-BF4B-00C04F79EFBC}") = "02Array", "02Array\02Array.csproj", "{D81E8E5A-70AD-44B9-B5BB-665B268E5BC7}"
EndProject
Project("{FAE04EC0-301F-11D3-BF4B-00C04F79EFBC}") = "03Array", "03Array\03Array.csproj", "{9773CFF5-657B-4A98-8E2A-74CAB5FFB9AA}"
EndProject
Global
	GlobalSection(SolutionConfigurationPlatforms) = preSolution
		Debug|Any CPU = Debug|Any CPU
		Release|Any CPU = Release|Any CPU
	EndGlobalSection
	GlobalSection(ProjectConfigurationPlatforms) = postSolution
		{D52AD9D3-4A83-467D-8E18-09A0D7B1B8EA}.Debug|Any CPU.ActiveCfg = Debug|Any CPU
		{D52AD9D3-4A83-467D-8E18-09A0D7B1B8EA}.Debug|Any CPU.Build.0 = Debug|Any CPU
		{D52AD9D3-4A83-467D-8E18-09A0D7B1B8EA}.Release|Any CPU.ActiveCfg = Release|Any CPU
		{D52AD9D3-4A83-467D-8E18-09A0D7B1B8EA}.Release|Any CPU.Build.0 = Release|Any CPU
		{127B1B8B-E39F-4122-8A3A-E7F390B543B8}.Debug|Any CPU.ActiveCfg = Debug|Any CPU
		{127B1B8B-E39F-4122-8A3A-E7F390B543B8}.Debug|Any CPU.Build.0 = Debug|Any CPU
		{127B1B8B-E39F-4122-8A3A-E7F390B543B8}.Release|Any CPU.ActiveCfg = Release|Any CPU
		{127B1B8B-E39F-4122-8A3A-E7F390B543B8}.Release|Any CPU.Build.0 = Release|Any CPU
		{9C1C8A36-2828-4115-906D-5A9B3B468099}.Debug|Any CPU.ActiveCfg = Debug|Any CPU
		{9C1C8A36-2828-4115-906D-5A9B3B468099}.Debug|Any CPU.Build.0 = Debug|Any CPU
		{9C1C8A36-2828-4115-906D-5A9B3B468099}.Release|Any CPU.ActiveCfg = Release|Any CPU
		{9C1C8A36-2828-4115-906D-5A9B3B468099}.Release|Any CPU.Build.0 = Release|Any CPU
		{C9B6B77D-6591-4F0D-90E0-1675F19329E0}.Debug|Any CPU.ActiveCfg = Debug|Any CPU
		{C9B6B77D-6591-4F0D-90E0-1675F19329E0}.Debug|Any CPU.Build.0 = Debug|Any CPU
		{C9B6B77D-6591-4F0D-90E0-1675F19329E0}.Release|Any CPU.ActiveCfg = Release|Any CPU
		{C9B6B77D-6591-4F0D-90E0-1675F19329E0}.Release|Any CPU.Build.0 = Release|Any CPU
		{30AE49A6-F6CE-4D67-8BCA-CAC3F62CF98E}.Debug|Any CPU.ActiveCfg = Debug|Any CPU
		{30AE49A6-F6CE-4D67-8BCA-CAC3F62CF98E}.Debug|Any CPU.Build.0 = Debug|Any CPU
		{30AE49A6-F6CE-4D67-8BCA-CAC3F62CF98E}.Release|Any CPU.ActiveCfg = Release|Any CPU
		{30AE49A6-F6CE-4D67-8BCA-CAC3F62CF98E}.Release|Any CPU.Build.0 = Release|Any CPU
		{99347E67-CC2C-4300-B0C0-5B216D3862D3}.Debug|Any CPU.ActiveCfg = Debug|Any CPU
		{99347E67-CC2C-4300-B0C0-5B216D3862D3}.Debug|Any CPU.Build.0 = Debug|Any CPU
		{99347E67-CC2C-4300-B0C0-5B216D3862D3}.Release|Any CPU.ActiveCfg = Release|Any CPU
		{99347E67-CC2C-4300-B0C0-5B216D3862D3}.Release|Any CPU.Build.0 = Release|Any CPU
		{8DB788B5-FB0F-4282-A4D8-4BFD8790AE14}.Debug|Any CPU.ActiveCfg = Debug|Any CPU
		{8DB788B5-FB0F-4282-A4D8-4BFD8790AE14}.Debug|Any CPU.Build.0 = Debug|Any CPU
		{8DB788B5-FB0F-4282-A4D8-4BFD8790AE14}.Release|Any CPU.ActiveCfg = Release|Any CPU
		{8DB788B5-FB0F-4282-A4D8-4BFD8790AE14}.Release|Any CPU.Build.0 = Release|Any CPU
		{47F8FF8D-B974-4041-B9F3-67BFB20B0E09}.Debug|Any CPU.ActiveCfg = Debug|Any CPU
		{47F8FF8D-B974-4041-B9F3-67BFB20B0E09}.Debug|Any CPU.Build.0 = Debug|Any CPU
		{47F8FF8D-B974-4041-B9F3-67BFB20B0E09}.Release|Any CPU.ActiveCfg = Release|Any CPU
		{47F8FF8D-B974-4041-B9F3-67BFB20B0E09}.Release|Any CPU.Build.0 = Release|Any CPU
		{B87DFDDE-7077-48B2-84BA-E56576D34882}.Debug|Any CPU.ActiveCfg = Debug|Any CPU
		{B87DFDDE-7077-48B2-84BA-E56576D34882}.Debug|Any CPU.Build.0 = Debug|Any CPU
		{B87DFDDE-7077-48B2-84BA-E56576D34882}.Release|Any CPU.ActiveCfg = Release|Any CPU
		{B87DFDDE-7077-48B2-84BA-E56576D34882}.Release|Any CPU.Build.0 = Release|Any CPU
		{4A39F849-C52A-4027-86DB-954508CB1B38}.Debug|Any CPU.ActiveCfg = Debug|Any CPU
		{4A39F849-C52A-4027-86DB-954508CB1B38}.Debug|Any CPU.Build.0 = Debug|Any CPU
		{4A39F849-C52A-4027-86DB-954508CB1B38}.Release|Any CPU.ActiveCfg = Release|Any CPU
		{4A39F849-C52A-4027-86DB-954508CB1B38}.Release|Any CPU.Build.0 = Release|Any CPU
		{601490B4-EA75-49ED-9488-E42B2A85714A}.Debug|Any CPU.ActiveCfg = Debug|Any CPU
		{601490B4-EA75-49ED-9488-E42B2A85714A}.Debug|Any CPU.Build.0 = Debug|Any CPU
		{601490B4-EA75-49ED-9488-E42B2A85714A}.Release|Any CPU.ActiveCfg = Release|Any CPU
		{601490B4-EA75-49ED-9488-E42B2A85714A}.Release|Any CPU.Build.0 = Release|Any CPU
		{9FFD5AB6-1D54-4578-B528-FB69A6AF9317}.Debug|Any CPU.ActiveCfg = Debug|Any CPU
		{9FFD5AB6-1D54-4578-B528-FB69A6AF9317}.Debug|Any CPU.Build.0 = Debug|Any CPU
		{9FFD5AB6-1D54-4578-B528-FB69A6AF9317}.Release|Any CPU.ActiveCfg = Release|Any CPU
		{9FFD5AB6-1D54-4578-B528-FB69A6AF9317}.Release|Any CPU.Build.0 = Release|Any CPU
		{453DA008-B51D-483E-9A4B-F1FF0A752F7A}.Debug|Any CPU.ActiveCfg = Debug|Any CPU
		{453DA008-B51D-483E-9A4B-F1FF0A752F7A}.Debug|Any CPU.Build.0 = Debug|Any CPU
		{453DA008-B51D-483E-9A4B-F1FF0A752F7A}.Release|Any CPU.ActiveCfg = Release|Any CPU
		{453DA008-B51D-483E-9A4B-F1FF0A752F7A}.Release|Any CPU.Build.0 = Release|Any CPU
		{6A1A7905-D2B4-4B98-B383-490657252D9C}.Debug|Any CPU.ActiveCfg = Debug|Any CPU
		{6A1A7905-D2B4-4B98-B383-490657252D9C}.Debug|Any CPU.Build.0 = Debug|Any CPU
		{6A1A7905-D2B4-4B98-B383-490657252D9C}.Release|Any CPU.ActiveCfg = Release|Any CPU
		{6A1A7905-D2B4-4B98-B383-490657252D9C}.Release|Any CPU.Build.0 = Release|Any CPU
		{A5167C83-5C15-4C39-9936-63312553247C}.Debug|Any CPU.ActiveCfg = Debug|Any CPU
		{A5167C83-5C15-4C39-9936-63312553247C}.Debug|Any CPU.Build.0 = Debug|Any CPU
		{A5167C83-5C15-4C39-9936-63312553247C}.Release|Any CPU.ActiveCfg = Release|Any CPU
		{A5167C83-5C15-4C39-9936-63312553247C}.Release|Any CPU.Build.0 = Release|Any CPU
		{0830A9F5-DC35-4AA6-AEA2-0DDD73DFB49C}.Debug|Any CPU.ActiveCfg = Debug|Any CPU
		{0830A9F5-DC35-4AA6-AEA2-0DDD73DFB49C}.Debug|Any CPU.Build.0 = Debug|Any CPU
		{0830A9F5-DC35-4AA6-AEA2-0DDD73DFB49C}.Release|Any CPU.ActiveCfg = Release|Any CPU
		{0830A9F5-DC35-4AA6-AEA2-0DDD73DFB49C}.Release|Any CPU.Build.0 = Release|Any CPU
		{568A3C68-0D20-4392-A103-AFB0290D029A}.Debug|Any CPU.ActiveCfg = Debug|Any CPU
		{568A3C68-0D20-4392-A103-AFB0290D029A}.Debug|Any CPU.Build.0 = Debug|Any CPU
		{568A3C68-0D20-4392-A103-AFB0290D029A}.Release|Any CPU.ActiveCfg = Release|Any CPU
		{568A3C68-0D20-4392-A103-AFB0290D029A}.Release|Any CPU.Build.0 = Release|Any CPU
		{B25503EC-52D4-4317-98DA-D34B4FAAE7D8}.Debug|Any CPU.ActiveCfg = Debug|Any CPU
		{B25503EC-52D4-4317-98DA-D34B4FAAE7D8}.Debug|Any CPU.Build.0 = Debug|Any CPU
		{B25503EC-52D4-4317-98DA-D34B4FAAE7D8}.Release|Any CPU.ActiveCfg = Release|Any CPU
		{B25503EC-52D4-4317-98DA-D34B4FAAE7D8}.Release|Any CPU.Build.0 = Release|Any CPU
		{D81E8E5A-70AD-44B9-B5BB-665B268E5BC7}.Debug|Any CPU.ActiveCfg = Debug|Any CPU
		{D81E8E5A-70AD-44B9-B5BB-665B268E5BC7}.Debug|Any CPU.Build.0 = Debug|Any CPU
		{D81E8E5A-70AD-44B9-B5BB-665B268E5BC7}.Release|Any CPU.ActiveCfg = Release|Any CPU
		{D81E8E5A-70AD-44B9-B5BB-665B268E5BC7}.Release|Any CPU.Build.0 = Release|Any CPU
		{9773CFF5-657B-4A98-8E2A-74CAB5FFB9AA}.Debug|Any CPU.ActiveCfg = Debug|Any CPU
		{9773CFF5-657B-4A98-8E2A-74CAB5FFB9AA}.Debug|Any CPU.Build.0 = Debug|Any CPU
		{9773CFF5-657B-4A98-8E2A-74CAB5FFB9AA}.Release|Any CPU.ActiveCfg = Release|Any CPU
		{9773CFF5-657B-4A98-8E2A-74CAB5FFB9AA}.Release|Any CPU.Build.0 = Release|Any CPU
	EndGlobalSection
	GlobalSection(SolutionProperties) = preSolution
		HideSolutionNode = FALSE
	EndGlobalSection
	GlobalSection(ExtensibilityGlobals) = postSolution
		SolutionGuid = {881E2F30-4E0E-44E1-82EA-0377D3E5BE18}
	EndGlobalSection
EndGlobal
