
Microsoft Visual Studio Solution File, Format Version 12.00
# Visual Studio Version 17
VisualStudioVersion = 17.5.33530.505
MinimumVisualStudioVersion = 10.0.40219.1
Project("{9A19103F-16F7-4668-BE54-9A1E7A4F7556}") = "Const", "MicrosoftBootcampLesson2\Const.csproj", "{D52AD9D3-4A83-467D-8E18-09A0D7B1B8EA}"
EndProject
Project("{9A19103F-16F7-4668-BE54-9A1E7A4F7556}") = "Casting", "Casting\Casting.csproj", "{127B1B8B-E39F-4122-8A3A-E7F390B543B8}"
EndProject
Project("{9A19103F-16F7-4668-BE54-9A1E7A4F7556}") = "Math", "Math\Math.csproj", "{9C1C8A36-2828-4115-906D-5A9B3B468099}"
EndProject
Project("{9A19103F-16F7-4668-BE54-9A1E7A4F7556}") = "PowSqrt", "PowSqrt\PowSqrt.csproj", "{C9B6B77D-6591-4F0D-90E0-1675F19329E0}"
EndProject
Project("{9A19103F-16F7-4668-BE54-9A1E7A4F7556}") = "Comparison", "Comparison\Comparison.csproj", "{30AE49A6-F6CE-4D67-8BCA-CAC3F62CF98E}"
EndProject
Project("{9A19103F-16F7-4668-BE54-9A1E7A4F7556}") = "IncrementDecrement", "IncrementDecrement\IncrementDecrement.csproj", "{99347E67-CC2C-4300-B0C0-5B216D3862D3}"
EndProject
Project("{9A19103F-16F7-4668-BE54-9A1E7A4F7556}") = "LocalVariable", "LocalVariable\LocalVariable.csproj", "{8DB788B5-FB0F-4282-A4D8-4BFD8790AE14}"
EndProject
Project("{9A19103F-16F7-4668-BE54-9A1E7A4F7556}") = "At", "At\At.csproj", "{47F8FF8D-B974-4041-B9F3-67BFB20B0E09}"
EndProject
Project("{9A19103F-16F7-4668-BE54-9A1E7A4F7556}") = "SizeOf", "SizeOf\SizeOf.csproj", "{B87DFDDE-7077-48B2-84BA-E56576D34882}"
EndProject
Project("{9A19103F-16F7-4668-BE54-9A1E7A4F7556}") = "StackHeap", "StackHeap\StackHeap.csproj", "{4A39F849-C52A-4027-86DB-954508CB1B38}"
EndProject
Project("{9A19103F-16F7-4668-BE54-9A1E7A4F7556}") = "StringStringBulder", "StringStringBulder\StringStringBulder.csproj", "{601490B4-EA75-49ED-9488-E42B2A85714A}"
EndProject
Project("{9A19103F-16F7-4668-BE54-9A1E7A4F7556}") = "Array", "Array\Array.csproj", "{9FFD5AB6-1D54-4578-B528-FB69A6AF9317}"
EndProject
Project("{9A19103F-16F7-4668-BE54-9A1E7A4F7556}") = "Loop", "Loop\Loop.csproj", "{453DA008-B51D-483E-9A4B-F1FF0A752F7A}"
EndProject
Project("{9A19103F-16F7-4668-BE54-9A1E7A4F7556}") = "While", "While\While.csproj", "{6A1A7905-D2B4-4B98-B383-490657252D9C}"
EndProject
Project("{9A19103F-16F7-4668-BE54-9A1E7A4F7556}") = "BreakContinue", "BreakContinue\BreakContinue.csproj", "{A5167C83-5C15-4C39-9936-63312553247C}"
EndProject
Project("{9A19103F-16F7-4668-BE54-9A1E7A4F7556}") = "DoWhile", "DoWhile\DoWhile.csproj", "{0830A9F5-DC35-4AA6-AEA2-0DDD73DFB49C}"
EndProject
Project("{9A19103F-16F7-4668-BE54-9A1E7A4F7556}") = "For", "For\For.csproj", "{568A3C68-0D20-4392-A103-AFB0290D029A}"
EndProject
Project("{9A19103F-16F7-4668-BE54-9A1E7A4F7556}") = "01Array", "01Array\01Array.csproj", "{B25503EC-52D4-4317-98DA-D34B4FAAE7D8}"
EndProject
Project("{9A19103F-16F7-4668-BE54-9A1E7A4F7556}") = "02Array", "02Array\02Array.csproj", "{D81E8E5A-70AD-44B9-B5BB-665B268E5BC7}"
EndProject
Project("{9A19103F-16F7-4668-BE54-9A1E7A4F7556}") = "03Array", "03Array\03Array.csproj", "{9773CFF5-657B-4A98-8E2A-74CAB5FFB9AA}"
EndProject
Project("{FAE04EC0-301F-11D3-BF4B-00C04F79EFBC}") = "001_If", "001_If\001_If.csproj", "{ECA0F42E-0BDE-4F69-BD7E-722C91DB41C3}"
EndProject
Project("{FAE04EC0-301F-11D3-BF4B-00C04F79EFBC}") = "002_ElseIf", "002_ElseIf\002_ElseIf.csproj", "{609D7233-7687-4520-94B2-0F44F08CDA76}"
EndProject
Project("{FAE04EC0-301F-11D3-BF4B-00C04F79EFBC}") = "003_Auth", "003_Auth\003_Auth.csproj", "{A4BFA748-1363-4D7F-82E9-FB5733A307F1}"
EndProject
Project("{FAE04EC0-301F-11D3-BF4B-00C04F79EFBC}") = "004_Ternary", "Ternary\004_Ternary.csproj", "{789FF594-D78B-4EAF-92ED-69DE71EF4806}"
EndProject
Project("{FAE04EC0-301F-11D3-BF4B-00C04F79EFBC}") = "005_TernaryAuth", "TernaryAuth\005_TernaryAuth.csproj", "{D00098D2-73A8-490B-AED6-4B08EDADC5CA}"
EndProject
Project("{FAE04EC0-301F-11D3-BF4B-00C04F79EFBC}") = "006_LongTernary", "006_LongTernary\006_LongTernary.csproj", "{D3D94518-F956-4FCA-A945-F69D1F7E283B}"
EndProject
Project("{FAE04EC0-301F-11D3-BF4B-00C04F79EFBC}") = "007_Ternary", "007_Ternary\007_Ternary.csproj", "{1A18A8F9-947D-4286-967C-1908F50907C6}"
EndProject
Project("{FAE04EC0-301F-11D3-BF4B-00C04F79EFBC}") = "008_SwithCase", "008_SwithCase\008_SwithCase.csproj", "{E63837B2-603B-49E4-BE27-58EFE7CA5FBE}"
EndProject
Project("{FAE04EC0-301F-11D3-BF4B-00C04F79EFBC}") = "009_SwithCase_DaysOfWeek", "009_SwithCase_DaysOfWeek\009_SwithCase_DaysOfWeek.csproj", "{DB30DBA2-0ECE-43FC-AB1A-6BBD3176DDED}"
EndProject
Project("{FAE04EC0-301F-11D3-BF4B-00C04F79EFBC}") = "010_CoffeeMaker", "CoffeeMaker\010_CoffeeMaker.csproj", "{8AE87389-6789-4B6E-94C5-C9AFA1C81B64}"
EndProject
Global
	GlobalSection(SolutionConfigurationPlatforms) = preSolution
		Debug|Any CPU = Debug|Any CPU
		Release|Any CPU = Release|Any CPU
	EndGlobalSection
	GlobalSection(ProjectConfigurationPlatforms) = postSolution
		{D52AD9D3-4A83-467D-8E18-09A0D7B1B8EA}.Debug|Any CPU.ActiveCfg = Debug|Any CPU
		{D52AD9D3-4A83-467D-8E18-09A0D7B1B8EA}.Debug|Any CPU.Build.0 = Debug|Any CPU
		{D52AD9D3-4A83-467D-8E18-09A0D7B1B8EA}.Release|Any CPU.ActiveCfg = Release|Any CPU
		{D52AD9D3-4A83-467D-8E18-09A0D7B1B8EA}.Release|Any CPU.Build.0 = Release|Any CPU
		{127B1B8B-E39F-4122-8A3A-E7F390B543B8}.Debug|Any CPU.ActiveCfg = Debug|Any CPU
		{127B1B8B-E39F-4122-8A3A-E7F390B543B8}.Debug|Any CPU.Build.0 = Debug|Any CPU
		{127B1B8B-E39F-4122-8A3A-E7F390B543B8}.Release|Any CPU.ActiveCfg = Release|Any CPU
		{127B1B8B-E39F-4122-8A3A-E7F390B543B8}.Release|Any CPU.Build.0 = Release|Any CPU
		{9C1C8A36-2828-4115-906D-5A9B3B468099}.Debug|Any CPU.ActiveCfg = Debug|Any CPU
		{9C1C8A36-2828-4115-906D-5A9B3B468099}.Debug|Any CPU.Build.0 = Debug|Any CPU
		{9C1C8A36-2828-4115-906D-5A9B3B468099}.Release|Any CPU.ActiveCfg = Release|Any CPU
		{9C1C8A36-2828-4115-906D-5A9B3B468099}.Release|Any CPU.Build.0 = Release|Any CPU
		{C9B6B77D-6591-4F0D-90E0-1675F19329E0}.Debug|Any CPU.ActiveCfg = Debug|Any CPU
		{C9B6B77D-6591-4F0D-90E0-1675F19329E0}.Debug|Any CPU.Build.0 = Debug|Any CPU
		{C9B6B77D-6591-4F0D-90E0-1675F19329E0}.Release|Any CPU.ActiveCfg = Release|Any CPU
		{C9B6B77D-6591-4F0D-90E0-1675F19329E0}.Release|Any CPU.Build.0 = Release|Any CPU
		{30AE49A6-F6CE-4D67-8BCA-CAC3F62CF98E}.Debug|Any CPU.ActiveCfg = Debug|Any CPU
		{30AE49A6-F6CE-4D67-8BCA-CAC3F62CF98E}.Debug|Any CPU.Build.0 = Debug|Any CPU
		{30AE49A6-F6CE-4D67-8BCA-CAC3F62CF98E}.Release|Any CPU.ActiveCfg = Release|Any CPU
		{30AE49A6-F6CE-4D67-8BCA-CAC3F62CF98E}.Release|Any CPU.Build.0 = Release|Any CPU
		{99347E67-CC2C-4300-B0C0-5B216D3862D3}.Debug|Any CPU.ActiveCfg = Debug|Any CPU
		{99347E67-CC2C-4300-B0C0-5B216D3862D3}.Debug|Any CPU.Build.0 = Debug|Any CPU
		{99347E67-CC2C-4300-B0C0-5B216D3862D3}.Release|Any CPU.ActiveCfg = Release|Any CPU
		{99347E67-CC2C-4300-B0C0-5B216D3862D3}.Release|Any CPU.Build.0 = Release|Any CPU
		{8DB788B5-FB0F-4282-A4D8-4BFD8790AE14}.Debug|Any CPU.ActiveCfg = Debug|Any CPU
		{8DB788B5-FB0F-4282-A4D8-4BFD8790AE14}.Debug|Any CPU.Build.0 = Debug|Any CPU
		{8DB788B5-FB0F-4282-A4D8-4BFD8790AE14}.Release|Any CPU.ActiveCfg = Release|Any CPU
		{8DB788B5-FB0F-4282-A4D8-4BFD8790AE14}.Release|Any CPU.Build.0 = Release|Any CPU
		{47F8FF8D-B974-4041-B9F3-67BFB20B0E09}.Debug|Any CPU.ActiveCfg = Debug|Any CPU
		{47F8FF8D-B974-4041-B9F3-67BFB20B0E09}.Debug|Any CPU.Build.0 = Debug|Any CPU
		{47F8FF8D-B974-4041-B9F3-67BFB20B0E09}.Release|Any CPU.ActiveCfg = Release|Any CPU
		{47F8FF8D-B974-4041-B9F3-67BFB20B0E09}.Release|Any CPU.Build.0 = Release|Any CPU
		{B87DFDDE-7077-48B2-84BA-E56576D34882}.Debug|Any CPU.ActiveCfg = Debug|Any CPU
		{B87DFDDE-7077-48B2-84BA-E56576D34882}.Debug|Any CPU.Build.0 = Debug|Any CPU
		{B87DFDDE-7077-48B2-84BA-E56576D34882}.Release|Any CPU.ActiveCfg = Release|Any CPU
		{B87DFDDE-7077-48B2-84BA-E56576D34882}.Release|Any CPU.Build.0 = Release|Any CPU
		{4A39F849-C52A-4027-86DB-954508CB1B38}.Debug|Any CPU.ActiveCfg = Debug|Any CPU
		{4A39F849-C52A-4027-86DB-954508CB1B38}.Debug|Any CPU.Build.0 = Debug|Any CPU
		{4A39F849-C52A-4027-86DB-954508CB1B38}.Release|Any CPU.ActiveCfg = Release|Any CPU
		{4A39F849-C52A-4027-86DB-954508CB1B38}.Release|Any CPU.Build.0 = Release|Any CPU
		{601490B4-EA75-49ED-9488-E42B2A85714A}.Debug|Any CPU.ActiveCfg = Debug|Any CPU
		{601490B4-EA75-49ED-9488-E42B2A85714A}.Debug|Any CPU.Build.0 = Debug|Any CPU
		{601490B4-EA75-49ED-9488-E42B2A85714A}.Release|Any CPU.ActiveCfg = Release|Any CPU
		{601490B4-EA75-49ED-9488-E42B2A85714A}.Release|Any CPU.Build.0 = Release|Any CPU
		{9FFD5AB6-1D54-4578-B528-FB69A6AF9317}.Debug|Any CPU.ActiveCfg = Debug|Any CPU
		{9FFD5AB6-1D54-4578-B528-FB69A6AF9317}.Debug|Any CPU.Build.0 = Debug|Any CPU
		{9FFD5AB6-1D54-4578-B528-FB69A6AF9317}.Release|Any CPU.ActiveCfg = Release|Any CPU
		{9FFD5AB6-1D54-4578-B528-FB69A6AF9317}.Release|Any CPU.Build.0 = Release|Any CPU
		{453DA008-B51D-483E-9A4B-F1FF0A752F7A}.Debug|Any CPU.ActiveCfg = Debug|Any CPU
		{453DA008-B51D-483E-9A4B-F1FF0A752F7A}.Debug|Any CPU.Build.0 = Debug|Any CPU
		{453DA008-B51D-483E-9A4B-F1FF0A752F7A}.Release|Any CPU.ActiveCfg = Release|Any CPU
		{453DA008-B51D-483E-9A4B-F1FF0A752F7A}.Release|Any CPU.Build.0 = Release|Any CPU
		{6A1A7905-D2B4-4B98-B383-490657252D9C}.Debug|Any CPU.ActiveCfg = Debug|Any CPU
		{6A1A7905-D2B4-4B98-B383-490657252D9C}.Debug|Any CPU.Build.0 = Debug|Any CPU
		{6A1A7905-D2B4-4B98-B383-490657252D9C}.Release|Any CPU.ActiveCfg = Release|Any CPU
		{6A1A7905-D2B4-4B98-B383-490657252D9C}.Release|Any CPU.Build.0 = Release|Any CPU
		{A5167C83-5C15-4C39-9936-63312553247C}.Debug|Any CPU.ActiveCfg = Debug|Any CPU
		{A5167C83-5C15-4C39-9936-63312553247C}.Debug|Any CPU.Build.0 = Debug|Any CPU
		{A5167C83-5C15-4C39-9936-63312553247C}.Release|Any CPU.ActiveCfg = Release|Any CPU
		{A5167C83-5C15-4C39-9936-63312553247C}.Release|Any CPU.Build.0 = Release|Any CPU
		{0830A9F5-DC35-4AA6-AEA2-0DDD73DFB49C}.Debug|Any CPU.ActiveCfg = Debug|Any CPU
		{0830A9F5-DC35-4AA6-AEA2-0DDD73DFB49C}.Debug|Any CPU.Build.0 = Debug|Any CPU
		{0830A9F5-DC35-4AA6-AEA2-0DDD73DFB49C}.Release|Any CPU.ActiveCfg = Release|Any CPU
		{0830A9F5-DC35-4AA6-AEA2-0DDD73DFB49C}.Release|Any CPU.Build.0 = Release|Any CPU
		{568A3C68-0D20-4392-A103-AFB0290D029A}.Debug|Any CPU.ActiveCfg = Debug|Any CPU
		{568A3C68-0D20-4392-A103-AFB0290D029A}.Debug|Any CPU.Build.0 = Debug|Any CPU
		{568A3C68-0D20-4392-A103-AFB0290D029A}.Release|Any CPU.ActiveCfg = Release|Any CPU
		{568A3C68-0D20-4392-A103-AFB0290D029A}.Release|Any CPU.Build.0 = Release|Any CPU
		{B25503EC-52D4-4317-98DA-D34B4FAAE7D8}.Debug|Any CPU.ActiveCfg = Debug|Any CPU
		{B25503EC-52D4-4317-98DA-D34B4FAAE7D8}.Debug|Any CPU.Build.0 = Debug|Any CPU
		{B25503EC-52D4-4317-98DA-D34B4FAAE7D8}.Release|Any CPU.ActiveCfg = Release|Any CPU
		{B25503EC-52D4-4317-98DA-D34B4FAAE7D8}.Release|Any CPU.Build.0 = Release|Any CPU
		{D81E8E5A-70AD-44B9-B5BB-665B268E5BC7}.Debug|Any CPU.ActiveCfg = Debug|Any CPU
		{D81E8E5A-70AD-44B9-B5BB-665B268E5BC7}.Debug|Any CPU.Build.0 = Debug|Any CPU
		{D81E8E5A-70AD-44B9-B5BB-665B268E5BC7}.Release|Any CPU.ActiveCfg = Release|Any CPU
		{D81E8E5A-70AD-44B9-B5BB-665B268E5BC7}.Release|Any CPU.Build.0 = Release|Any CPU
		{9773CFF5-657B-4A98-8E2A-74CAB5FFB9AA}.Debug|Any CPU.ActiveCfg = Debug|Any CPU
		{9773CFF5-657B-4A98-8E2A-74CAB5FFB9AA}.Debug|Any CPU.Build.0 = Debug|Any CPU
		{9773CFF5-657B-4A98-8E2A-74CAB5FFB9AA}.Release|Any CPU.ActiveCfg = Release|Any CPU
		{9773CFF5-657B-4A98-8E2A-74CAB5FFB9AA}.Release|Any CPU.Build.0 = Release|Any CPU
		{ECA0F42E-0BDE-4F69-BD7E-722C91DB41C3}.Debug|Any CPU.ActiveCfg = Debug|Any CPU
		{ECA0F42E-0BDE-4F69-BD7E-722C91DB41C3}.Debug|Any CPU.Build.0 = Debug|Any CPU
		{ECA0F42E-0BDE-4F69-BD7E-722C91DB41C3}.Release|Any CPU.ActiveCfg = Release|Any CPU
		{ECA0F42E-0BDE-4F69-BD7E-722C91DB41C3}.Release|Any CPU.Build.0 = Release|Any CPU
		{609D7233-7687-4520-94B2-0F44F08CDA76}.Debug|Any CPU.ActiveCfg = Debug|Any CPU
		{609D7233-7687-4520-94B2-0F44F08CDA76}.Debug|Any CPU.Build.0 = Debug|Any CPU
		{609D7233-7687-4520-94B2-0F44F08CDA76}.Release|Any CPU.ActiveCfg = Release|Any CPU
		{609D7233-7687-4520-94B2-0F44F08CDA76}.Release|Any CPU.Build.0 = Release|Any CPU
		{A4BFA748-1363-4D7F-82E9-FB5733A307F1}.Debug|Any CPU.ActiveCfg = Debug|Any CPU
		{A4BFA748-1363-4D7F-82E9-FB5733A307F1}.Debug|Any CPU.Build.0 = Debug|Any CPU
		{A4BFA748-1363-4D7F-82E9-FB5733A307F1}.Release|Any CPU.ActiveCfg = Release|Any CPU
		{A4BFA748-1363-4D7F-82E9-FB5733A307F1}.Release|Any CPU.Build.0 = Release|Any CPU
		{789FF594-D78B-4EAF-92ED-69DE71EF4806}.Debug|Any CPU.ActiveCfg = Debug|Any CPU
		{789FF594-D78B-4EAF-92ED-69DE71EF4806}.Debug|Any CPU.Build.0 = Debug|Any CPU
		{789FF594-D78B-4EAF-92ED-69DE71EF4806}.Release|Any CPU.ActiveCfg = Release|Any CPU
		{789FF594-D78B-4EAF-92ED-69DE71EF4806}.Release|Any CPU.Build.0 = Release|Any CPU
		{D00098D2-73A8-490B-AED6-4B08EDADC5CA}.Debug|Any CPU.ActiveCfg = Debug|Any CPU
		{D00098D2-73A8-490B-AED6-4B08EDADC5CA}.Debug|Any CPU.Build.0 = Debug|Any CPU
		{D00098D2-73A8-490B-AED6-4B08EDADC5CA}.Release|Any CPU.ActiveCfg = Release|Any CPU
		{D00098D2-73A8-490B-AED6-4B08EDADC5CA}.Release|Any CPU.Build.0 = Release|Any CPU
		{D3D94518-F956-4FCA-A945-F69D1F7E283B}.Debug|Any CPU.ActiveCfg = Debug|Any CPU
		{D3D94518-F956-4FCA-A945-F69D1F7E283B}.Debug|Any CPU.Build.0 = Debug|Any CPU
		{D3D94518-F956-4FCA-A945-F69D1F7E283B}.Release|Any CPU.ActiveCfg = Release|Any CPU
		{D3D94518-F956-4FCA-A945-F69D1F7E283B}.Release|Any CPU.Build.0 = Release|Any CPU
		{1A18A8F9-947D-4286-967C-1908F50907C6}.Debug|Any CPU.ActiveCfg = Debug|Any CPU
		{1A18A8F9-947D-4286-967C-1908F50907C6}.Debug|Any CPU.Build.0 = Debug|Any CPU
		{1A18A8F9-947D-4286-967C-1908F50907C6}.Release|Any CPU.ActiveCfg = Release|Any CPU
		{1A18A8F9-947D-4286-967C-1908F50907C6}.Release|Any CPU.Build.0 = Release|Any CPU
		{E63837B2-603B-49E4-BE27-58EFE7CA5FBE}.Debug|Any CPU.ActiveCfg = Debug|Any CPU
		{E63837B2-603B-49E4-BE27-58EFE7CA5FBE}.Debug|Any CPU.Build.0 = Debug|Any CPU
		{E63837B2-603B-49E4-BE27-58EFE7CA5FBE}.Release|Any CPU.ActiveCfg = Release|Any CPU
		{E63837B2-603B-49E4-BE27-58EFE7CA5FBE}.Release|Any CPU.Build.0 = Release|Any CPU
		{DB30DBA2-0ECE-43FC-AB1A-6BBD3176DDED}.Debug|Any CPU.ActiveCfg = Debug|Any CPU
		{DB30DBA2-0ECE-43FC-AB1A-6BBD3176DDED}.Debug|Any CPU.Build.0 = Debug|Any CPU
		{DB30DBA2-0ECE-43FC-AB1A-6BBD3176DDED}.Release|Any CPU.ActiveCfg = Release|Any CPU
		{DB30DBA2-0ECE-43FC-AB1A-6BBD3176DDED}.Release|Any CPU.Build.0 = Release|Any CPU
		{8AE87389-6789-4B6E-94C5-C9AFA1C81B64}.Debug|Any CPU.ActiveCfg = Debug|Any CPU
		{8AE87389-6789-4B6E-94C5-C9AFA1C81B64}.Debug|Any CPU.Build.0 = Debug|Any CPU
		{8AE87389-6789-4B6E-94C5-C9AFA1C81B64}.Release|Any CPU.ActiveCfg = Release|Any CPU
		{8AE87389-6789-4B6E-94C5-C9AFA1C81B64}.Release|Any CPU.Build.0 = Release|Any CPU
	EndGlobalSection
	GlobalSection(SolutionProperties) = preSolution
		HideSolutionNode = FALSE
	EndGlobalSection
	GlobalSection(ExtensibilityGlobals) = postSolution
		SolutionGuid = {881E2F30-4E0E-44E1-82EA-0377D3E5BE18}
	EndGlobalSection
EndGlobal
